
Microsoft Visual Studio Solution File, Format Version 12.00
Project("{2150E333-8FDC-42A3-9474-1A3956D46DE8}") = "ApiGateway", "ApiGateway", "{9C27590B-8F20-438B-926E-A5230BB7B970}"
EndProject
Project("{FAE04EC0-301F-11D3-BF4B-00C04F79EFBC}") = "ApiGateway.API", "ApiGateway\ApiGateway.API\ApiGateway.API.csproj", "{826B78EE-8B6A-4C71-A9B4-0A57B40AFF43}"
EndProject
Project("{2150E333-8FDC-42A3-9474-1A3956D46DE8}") = "OrderService", "OrderService", "{DFD0DA01-EF59-42DC-94F6-F89E637756F5}"
EndProject
Project("{FAE04EC0-301F-11D3-BF4B-00C04F79EFBC}") = "OrderService.API", "OrderService\OrderService.API\OrderService.API.csproj", "{C6725A5B-8639-4257-9BE6-2AA631195B17}"
EndProject
Project("{FAE04EC0-301F-11D3-BF4B-00C04F79EFBC}") = "OrderService.Application", "OrderService\OrderService.Application\OrderService.Application.csproj", "{AA39E328-5A03-4CF9-B774-375E5060A025}"
EndProject
Project("{FAE04EC0-301F-11D3-BF4B-00C04F79EFBC}") = "OrderService.Domain", "OrderService\OrderService.Domain\OrderService.Domain.csproj", "{CE3AAF99-DFFE-44A4-957C-C4414659B1CC}"
EndProject
Project("{FAE04EC0-301F-11D3-BF4B-00C04F79EFBC}") = "OrderService.Infrastructure", "OrderService\OrderService.Infrastructure\OrderService.Infrastructure.csproj", "{5D54BC56-7AC8-4164-9DAC-351FE66BC6B4}"
EndProject
Project("{2150E333-8FDC-42A3-9474-1A3956D46DE8}") = "PaymentService", "PaymentService", "{CF8F339F-8434-496C-B8DA-AA2329230B5D}"
EndProject
Project("{2150E333-8FDC-42A3-9474-1A3956D46DE8}") = "InventoryService", "InventoryService", "{8B33B1D2-A0EB-432F-96D9-C9E71C620278}"
EndProject
Project("{FAE04EC0-301F-11D3-BF4B-00C04F79EFBC}") = "InventoryService.Application", "InventoryService\InventoryService.Application\InventoryService.Application.csproj", "{A1AC032C-F2A1-406F-9481-BB0598095A22}"
EndProject
Project("{FAE04EC0-301F-11D3-BF4B-00C04F79EFBC}") = "InventoryService.API", "InventoryService\InventoryService.API\InventoryService.API.csproj", "{983D9465-FAC1-4A39-82DF-E0D45F1911DE}"
EndProject
Project("{FAE04EC0-301F-11D3-BF4B-00C04F79EFBC}") = "InventoryService.Domain", "InventoryService\InventoryService.Domain\InventoryService.Domain.csproj", "{A4D4F487-AB83-46B9-8C14-721AE4F75DE9}"
EndProject
Project("{FAE04EC0-301F-11D3-BF4B-00C04F79EFBC}") = "InventoryService.Infrastructure", "InventoryService\InventoryService.Infrastructure\InventoryService.Infrastructure.csproj", "{6FA2374F-2F5E-48C1-BE7F-B55B0E919E04}"
EndProject
Project("{FAE04EC0-301F-11D3-BF4B-00C04F79EFBC}") = "Contracts", "Contracts\Contracts.csproj", "{E5FA33E1-5D19-49F7-8613-5DACF931F17A}"
EndProject
Project("{FAE04EC0-301F-11D3-BF4B-00C04F79EFBC}") = "Infrastructure", "Infrastructure\Infrastructure.csproj", "{68B49B0D-7C01-4CE7-8A13-BCAEE9B3F34C}"
EndProject
Project("{FAE04EC0-301F-11D3-BF4B-00C04F79EFBC}") = "PaymentService.API", "PaymentService\PaymentService.API\PaymentService.API.csproj", "{C3481B7A-EF0A-4AF8-9900-83F456675B8C}"
EndProject
Project("{FAE04EC0-301F-11D3-BF4B-00C04F79EFBC}") = "PaymentService.Application", "PaymentService\PaymentService.Application\PaymentService.Application.csproj", "{2C94BCD1-176B-4549-B26A-26BED9C4C0D3}"
EndProject
Project("{FAE04EC0-301F-11D3-BF4B-00C04F79EFBC}") = "PaymentService.Domain", "PaymentService\PaymentService.Domain\PaymentService.Domain.csproj", "{07DA4992-A698-495F-A8E7-4844CE02CBD1}"
EndProject
Project("{FAE04EC0-301F-11D3-BF4B-00C04F79EFBC}") = "PaymentService.Infrastructure", "PaymentService\PaymentService.Infrastructure\PaymentService.Infrastructure.csproj", "{EA0FE23E-3045-4C42-B101-1F283A1B609D}"
EndProject
Global
	GlobalSection(SolutionConfigurationPlatforms) = preSolution
		Debug|Any CPU = Debug|Any CPU
		Release|Any CPU = Release|Any CPU
	EndGlobalSection
	GlobalSection(ProjectConfigurationPlatforms) = postSolution
		{826B78EE-8B6A-4C71-A9B4-0A57B40AFF43}.Debug|Any CPU.ActiveCfg = Debug|Any CPU
		{826B78EE-8B6A-4C71-A9B4-0A57B40AFF43}.Debug|Any CPU.Build.0 = Debug|Any CPU
		{826B78EE-8B6A-4C71-A9B4-0A57B40AFF43}.Release|Any CPU.ActiveCfg = Release|Any CPU
		{826B78EE-8B6A-4C71-A9B4-0A57B40AFF43}.Release|Any CPU.Build.0 = Release|Any CPU
		{C6725A5B-8639-4257-9BE6-2AA631195B17}.Debug|Any CPU.ActiveCfg = Debug|Any CPU
		{C6725A5B-8639-4257-9BE6-2AA631195B17}.Debug|Any CPU.Build.0 = Debug|Any CPU
		{C6725A5B-8639-4257-9BE6-2AA631195B17}.Release|Any CPU.ActiveCfg = Release|Any CPU
		{C6725A5B-8639-4257-9BE6-2AA631195B17}.Release|Any CPU.Build.0 = Release|Any CPU
		{AA39E328-5A03-4CF9-B774-375E5060A025}.Debug|Any CPU.ActiveCfg = Debug|Any CPU
		{AA39E328-5A03-4CF9-B774-375E5060A025}.Debug|Any CPU.Build.0 = Debug|Any CPU
		{AA39E328-5A03-4CF9-B774-375E5060A025}.Release|Any CPU.ActiveCfg = Release|Any CPU
		{AA39E328-5A03-4CF9-B774-375E5060A025}.Release|Any CPU.Build.0 = Release|Any CPU
		{CE3AAF99-DFFE-44A4-957C-C4414659B1CC}.Debug|Any CPU.ActiveCfg = Debug|Any CPU
		{CE3AAF99-DFFE-44A4-957C-C4414659B1CC}.Debug|Any CPU.Build.0 = Debug|Any CPU
		{CE3AAF99-DFFE-44A4-957C-C4414659B1CC}.Release|Any CPU.ActiveCfg = Release|Any CPU
		{CE3AAF99-DFFE-44A4-957C-C4414659B1CC}.Release|Any CPU.Build.0 = Release|Any CPU
		{5D54BC56-7AC8-4164-9DAC-351FE66BC6B4}.Debug|Any CPU.ActiveCfg = Debug|Any CPU
		{5D54BC56-7AC8-4164-9DAC-351FE66BC6B4}.Debug|Any CPU.Build.0 = Debug|Any CPU
		{5D54BC56-7AC8-4164-9DAC-351FE66BC6B4}.Release|Any CPU.ActiveCfg = Release|Any CPU
		{5D54BC56-7AC8-4164-9DAC-351FE66BC6B4}.Release|Any CPU.Build.0 = Release|Any CPU
		{A1AC032C-F2A1-406F-9481-BB0598095A22}.Debug|Any CPU.ActiveCfg = Debug|Any CPU
		{A1AC032C-F2A1-406F-9481-BB0598095A22}.Debug|Any CPU.Build.0 = Debug|Any CPU
		{A1AC032C-F2A1-406F-9481-BB0598095A22}.Release|Any CPU.ActiveCfg = Release|Any CPU
		{A1AC032C-F2A1-406F-9481-BB0598095A22}.Release|Any CPU.Build.0 = Release|Any CPU
		{983D9465-FAC1-4A39-82DF-E0D45F1911DE}.Debug|Any CPU.ActiveCfg = Debug|Any CPU
		{983D9465-FAC1-4A39-82DF-E0D45F1911DE}.Debug|Any CPU.Build.0 = Debug|Any CPU
		{983D9465-FAC1-4A39-82DF-E0D45F1911DE}.Release|Any CPU.ActiveCfg = Release|Any CPU
		{983D9465-FAC1-4A39-82DF-E0D45F1911DE}.Release|Any CPU.Build.0 = Release|Any CPU
		{A4D4F487-AB83-46B9-8C14-721AE4F75DE9}.Debug|Any CPU.ActiveCfg = Debug|Any CPU
		{A4D4F487-AB83-46B9-8C14-721AE4F75DE9}.Debug|Any CPU.Build.0 = Debug|Any CPU
		{A4D4F487-AB83-46B9-8C14-721AE4F75DE9}.Release|Any CPU.ActiveCfg = Release|Any CPU
		{A4D4F487-AB83-46B9-8C14-721AE4F75DE9}.Release|Any CPU.Build.0 = Release|Any CPU
		{6FA2374F-2F5E-48C1-BE7F-B55B0E919E04}.Debug|Any CPU.ActiveCfg = Debug|Any CPU
		{6FA2374F-2F5E-48C1-BE7F-B55B0E919E04}.Debug|Any CPU.Build.0 = Debug|Any CPU
		{6FA2374F-2F5E-48C1-BE7F-B55B0E919E04}.Release|Any CPU.ActiveCfg = Release|Any CPU
		{6FA2374F-2F5E-48C1-BE7F-B55B0E919E04}.Release|Any CPU.Build.0 = Release|Any CPU
		{E5FA33E1-5D19-49F7-8613-5DACF931F17A}.Debug|Any CPU.ActiveCfg = Debug|Any CPU
		{E5FA33E1-5D19-49F7-8613-5DACF931F17A}.Debug|Any CPU.Build.0 = Debug|Any CPU
		{E5FA33E1-5D19-49F7-8613-5DACF931F17A}.Release|Any CPU.ActiveCfg = Release|Any CPU
		{E5FA33E1-5D19-49F7-8613-5DACF931F17A}.Release|Any CPU.Build.0 = Release|Any CPU
		{68B49B0D-7C01-4CE7-8A13-BCAEE9B3F34C}.Debug|Any CPU.ActiveCfg = Debug|Any CPU
		{68B49B0D-7C01-4CE7-8A13-BCAEE9B3F34C}.Debug|Any CPU.Build.0 = Debug|Any CPU
		{68B49B0D-7C01-4CE7-8A13-BCAEE9B3F34C}.Release|Any CPU.ActiveCfg = Release|Any CPU
		{68B49B0D-7C01-4CE7-8A13-BCAEE9B3F34C}.Release|Any CPU.Build.0 = Release|Any CPU
		{C3481B7A-EF0A-4AF8-9900-83F456675B8C}.Debug|Any CPU.ActiveCfg = Debug|Any CPU
		{C3481B7A-EF0A-4AF8-9900-83F456675B8C}.Debug|Any CPU.Build.0 = Debug|Any CPU
		{C3481B7A-EF0A-4AF8-9900-83F456675B8C}.Release|Any CPU.ActiveCfg = Release|Any CPU
		{C3481B7A-EF0A-4AF8-9900-83F456675B8C}.Release|Any CPU.Build.0 = Release|Any CPU
		{2C94BCD1-176B-4549-B26A-26BED9C4C0D3}.Debug|Any CPU.ActiveCfg = Debug|Any CPU
		{2C94BCD1-176B-4549-B26A-26BED9C4C0D3}.Debug|Any CPU.Build.0 = Debug|Any CPU
		{2C94BCD1-176B-4549-B26A-26BED9C4C0D3}.Release|Any CPU.ActiveCfg = Release|Any CPU
		{2C94BCD1-176B-4549-B26A-26BED9C4C0D3}.Release|Any CPU.Build.0 = Release|Any CPU
		{07DA4992-A698-495F-A8E7-4844CE02CBD1}.Debug|Any CPU.ActiveCfg = Debug|Any CPU
		{07DA4992-A698-495F-A8E7-4844CE02CBD1}.Debug|Any CPU.Build.0 = Debug|Any CPU
		{07DA4992-A698-495F-A8E7-4844CE02CBD1}.Release|Any CPU.ActiveCfg = Release|Any CPU
		{07DA4992-A698-495F-A8E7-4844CE02CBD1}.Release|Any CPU.Build.0 = Release|Any CPU
		{EA0FE23E-3045-4C42-B101-1F283A1B609D}.Debug|Any CPU.ActiveCfg = Debug|Any CPU
		{EA0FE23E-3045-4C42-B101-1F283A1B609D}.Debug|Any CPU.Build.0 = Debug|Any CPU
		{EA0FE23E-3045-4C42-B101-1F283A1B609D}.Release|Any CPU.ActiveCfg = Release|Any CPU
		{EA0FE23E-3045-4C42-B101-1F283A1B609D}.Release|Any CPU.Build.0 = Release|Any CPU
	EndGlobalSection
	GlobalSection(NestedProjects) = preSolution
		{826B78EE-8B6A-4C71-A9B4-0A57B40AFF43} = {9C27590B-8F20-438B-926E-A5230BB7B970}
		{C6725A5B-8639-4257-9BE6-2AA631195B17} = {DFD0DA01-EF59-42DC-94F6-F89E637756F5}
		{AA39E328-5A03-4CF9-B774-375E5060A025} = {DFD0DA01-EF59-42DC-94F6-F89E637756F5}
		{CE3AAF99-DFFE-44A4-957C-C4414659B1CC} = {DFD0DA01-EF59-42DC-94F6-F89E637756F5}
		{5D54BC56-7AC8-4164-9DAC-351FE66BC6B4} = {DFD0DA01-EF59-42DC-94F6-F89E637756F5}
		{A1AC032C-F2A1-406F-9481-BB0598095A22} = {8B33B1D2-A0EB-432F-96D9-C9E71C620278}
		{983D9465-FAC1-4A39-82DF-E0D45F1911DE} = {8B33B1D2-A0EB-432F-96D9-C9E71C620278}
		{A4D4F487-AB83-46B9-8C14-721AE4F75DE9} = {8B33B1D2-A0EB-432F-96D9-C9E71C620278}
		{6FA2374F-2F5E-48C1-BE7F-B55B0E919E04} = {8B33B1D2-A0EB-432F-96D9-C9E71C620278}
		{C3481B7A-EF0A-4AF8-9900-83F456675B8C} = {CF8F339F-8434-496C-B8DA-AA2329230B5D}
		{2C94BCD1-176B-4549-B26A-26BED9C4C0D3} = {CF8F339F-8434-496C-B8DA-AA2329230B5D}
		{07DA4992-A698-495F-A8E7-4844CE02CBD1} = {CF8F339F-8434-496C-B8DA-AA2329230B5D}
		{EA0FE23E-3045-4C42-B101-1F283A1B609D} = {CF8F339F-8434-496C-B8DA-AA2329230B5D}
	EndGlobalSection
EndGlobal
